// !$*UTF8*$!
{
	archiveVersion = 1;
	classes = {
	};
	objectVersion = 46;
	objects = {

/* Begin PBXBuildFile section */
		DB9017B81F43D97A00F14A49 /* NewMessagesController.swift in Sources */ = {isa = PBXBuildFile; fileRef = DB9017B71F43D97A00F14A49 /* NewMessagesController.swift */; };
		DB9017BB1F43DD1300F14A49 /* User.swift in Sources */ = {isa = PBXBuildFile; fileRef = DB9017BA1F43DD1300F14A49 /* User.swift */; };
		DB9017BD1F43E9BB00F14A49 /* LoginController+handlers.swift in Sources */ = {isa = PBXBuildFile; fileRef = DB9017BC1F43E9BB00F14A49 /* LoginController+handlers.swift */; };
		DBA256E31F42D4190064F115 /* GoogleService-Info.plist in Resources */ = {isa = PBXBuildFile; fileRef = DBA256E21F42D4190064F115 /* GoogleService-Info.plist */; };
		F19B661F5519701B33E3AAF7 /* Pods_RealtimeChatApp.framework in Frameworks */ = {isa = PBXBuildFile; fileRef = 863AD57C1177A438DB108A12 /* Pods_RealtimeChatApp.framework */; };
		FA257E9D1F420E17002B7DB2 /* AppDelegate.swift in Sources */ = {isa = PBXBuildFile; fileRef = FA257E9C1F420E17002B7DB2 /* AppDelegate.swift */; };
		FA257E9F1F420E17002B7DB2 /* MessagesController.swift in Sources */ = {isa = PBXBuildFile; fileRef = FA257E9E1F420E17002B7DB2 /* MessagesController.swift */; };
		FA257EA21F420E17002B7DB2 /* Main.storyboard in Resources */ = {isa = PBXBuildFile; fileRef = FA257EA01F420E17002B7DB2 /* Main.storyboard */; };
		FA257EA41F420E17002B7DB2 /* Assets.xcassets in Resources */ = {isa = PBXBuildFile; fileRef = FA257EA31F420E17002B7DB2 /* Assets.xcassets */; };
		FA257EA71F420E17002B7DB2 /* LaunchScreen.storyboard in Resources */ = {isa = PBXBuildFile; fileRef = FA257EA51F420E17002B7DB2 /* LaunchScreen.storyboard */; };
		FA257EB01F420FEE002B7DB2 /* LoginController.swift in Sources */ = {isa = PBXBuildFile; fileRef = FA257EAF1F420FEE002B7DB2 /* LoginController.swift */; };
		FA31D4431F448B3C008542E4 /* Extensions.swift in Sources */ = {isa = PBXBuildFile; fileRef = FA31D4421F448B3C008542E4 /* Extensions.swift */; };
		FA31D4451F44A241008542E4 /* ChatLogController.swift in Sources */ = {isa = PBXBuildFile; fileRef = FA31D4441F44A241008542E4 /* ChatLogController.swift */; };
/* End PBXBuildFile section */

/* Begin PBXFileReference section */
		5471B231FDD16B9F12B29AC8 /* Pods-RealtimeChatApp.release.xcconfig */ = {isa = PBXFileReference; includeInIndex = 1; lastKnownFileType = text.xcconfig; name = "Pods-RealtimeChatApp.release.xcconfig"; path = "Pods/Target Support Files/Pods-RealtimeChatApp/Pods-RealtimeChatApp.release.xcconfig"; sourceTree = "<group>"; };
		863AD57C1177A438DB108A12 /* Pods_RealtimeChatApp.framework */ = {isa = PBXFileReference; explicitFileType = wrapper.framework; includeInIndex = 0; path = Pods_RealtimeChatApp.framework; sourceTree = BUILT_PRODUCTS_DIR; };
		B331600D87C42C1296CC990B /* Pods-RealtimeChatApp.debug.xcconfig */ = {isa = PBXFileReference; includeInIndex = 1; lastKnownFileType = text.xcconfig; name = "Pods-RealtimeChatApp.debug.xcconfig"; path = "Pods/Target Support Files/Pods-RealtimeChatApp/Pods-RealtimeChatApp.debug.xcconfig"; sourceTree = "<group>"; };
		DB9017B71F43D97A00F14A49 /* NewMessagesController.swift */ = {isa = PBXFileReference; fileEncoding = 4; lastKnownFileType = sourcecode.swift; name = NewMessagesController.swift; path = Controller/NewMessagesController.swift; sourceTree = "<group>"; };
		DB9017BA1F43DD1300F14A49 /* User.swift */ = {isa = PBXFileReference; fileEncoding = 4; lastKnownFileType = sourcecode.swift; name = User.swift; path = Model/User.swift; sourceTree = "<group>"; };
		DB9017BC1F43E9BB00F14A49 /* LoginController+handlers.swift */ = {isa = PBXFileReference; fileEncoding = 4; lastKnownFileType = sourcecode.swift; name = "LoginController+handlers.swift"; path = "Controller/LoginController+handlers.swift"; sourceTree = "<group>"; };
		DBA256E21F42D4190064F115 /* GoogleService-Info.plist */ = {isa = PBXFileReference; fileEncoding = 4; lastKnownFileType = text.plist.xml; path = "GoogleService-Info.plist"; sourceTree = "<group>"; };
		FA257E991F420E17002B7DB2 /* RealtimeChatApp.app */ = {isa = PBXFileReference; explicitFileType = wrapper.application; includeInIndex = 0; path = RealtimeChatApp.app; sourceTree = BUILT_PRODUCTS_DIR; };
		FA257E9C1F420E17002B7DB2 /* AppDelegate.swift */ = {isa = PBXFileReference; lastKnownFileType = sourcecode.swift; path = AppDelegate.swift; sourceTree = "<group>"; };
		FA257E9E1F420E17002B7DB2 /* MessagesController.swift */ = {isa = PBXFileReference; lastKnownFileType = sourcecode.swift; path = MessagesController.swift; sourceTree = "<group>"; };
		FA257EA11F420E17002B7DB2 /* Base */ = {isa = PBXFileReference; lastKnownFileType = file.storyboard; name = Base; path = Base.lproj/Main.storyboard; sourceTree = "<group>"; };
		FA257EA31F420E17002B7DB2 /* Assets.xcassets */ = {isa = PBXFileReference; lastKnownFileType = folder.assetcatalog; path = Assets.xcassets; sourceTree = "<group>"; };
		FA257EA61F420E17002B7DB2 /* Base */ = {isa = PBXFileReference; lastKnownFileType = file.storyboard; name = Base; path = Base.lproj/LaunchScreen.storyboard; sourceTree = "<group>"; };
		FA257EA81F420E17002B7DB2 /* Info.plist */ = {isa = PBXFileReference; lastKnownFileType = text.plist.xml; path = Info.plist; sourceTree = "<group>"; };
		FA257EAF1F420FEE002B7DB2 /* LoginController.swift */ = {isa = PBXFileReference; fileEncoding = 4; lastKnownFileType = sourcecode.swift; name = LoginController.swift; path = Controller/LoginController.swift; sourceTree = "<group>"; };
		FA31D4421F448B3C008542E4 /* Extensions.swift */ = {isa = PBXFileReference; fileEncoding = 4; lastKnownFileType = sourcecode.swift; path = Extensions.swift; sourceTree = "<group>"; };
		FA31D4441F44A241008542E4 /* ChatLogController.swift */ = {isa = PBXFileReference; fileEncoding = 4; lastKnownFileType = sourcecode.swift; name = ChatLogController.swift; path = Controller/ChatLogController.swift; sourceTree = "<group>"; };
/* End PBXFileReference section */

/* Begin PBXFrameworksBuildPhase section */
		FA257E961F420E17002B7DB2 /* Frameworks */ = {
			isa = PBXFrameworksBuildPhase;
			buildActionMask = 2147483647;
			files = (
				F19B661F5519701B33E3AAF7 /* Pods_RealtimeChatApp.framework in Frameworks */,
			);
			runOnlyForDeploymentPostprocessing = 0;
		};
/* End PBXFrameworksBuildPhase section */

/* Begin PBXGroup section */
		337DF04152A941D3F3C8611E /* Pods */ = {
			isa = PBXGroup;
			children = (
				B331600D87C42C1296CC990B /* Pods-RealtimeChatApp.debug.xcconfig */,
				5471B231FDD16B9F12B29AC8 /* Pods-RealtimeChatApp.release.xcconfig */,
			);
			name = Pods;
			sourceTree = "<group>";
		};
		719221DBA74858F38D9DB161 /* Frameworks */ = {
			isa = PBXGroup;
			children = (
				863AD57C1177A438DB108A12 /* Pods_RealtimeChatApp.framework */,
			);
			name = Frameworks;
			sourceTree = "<group>";
		};
		DB9017B91F43DCF000F14A49 /* Model */ = {
			isa = PBXGroup;
			children = (
				DB9017BA1F43DD1300F14A49 /* User.swift */,
			);
			name = Model;
			sourceTree = "<group>";
		};
		FA257E901F420E17002B7DB2 = {
			isa = PBXGroup;
			children = (
				FA257E9B1F420E17002B7DB2 /* RealtimeChatApp */,
				FA257E9A1F420E17002B7DB2 /* Products */,
				337DF04152A941D3F3C8611E /* Pods */,
				719221DBA74858F38D9DB161 /* Frameworks */,
			);
			sourceTree = "<group>";
		};
		FA257E9A1F420E17002B7DB2 /* Products */ = {
			isa = PBXGroup;
			children = (
				FA257E991F420E17002B7DB2 /* RealtimeChatApp.app */,
			);
			name = Products;
			sourceTree = "<group>";
		};
		FA257E9B1F420E17002B7DB2 /* RealtimeChatApp */ = {
			isa = PBXGroup;
			children = (
				FA31D4411F448B31008542E4 /* Helpers */,
				DB9017B91F43DCF000F14A49 /* Model */,
				FA257E9C1F420E17002B7DB2 /* AppDelegate.swift */,
				FA257EAE1F420FC0002B7DB2 /* Controller */,
				FA257EA01F420E17002B7DB2 /* Main.storyboard */,
				FA257EA31F420E17002B7DB2 /* Assets.xcassets */,
				FA257EA51F420E17002B7DB2 /* LaunchScreen.storyboard */,
				FA257EA81F420E17002B7DB2 /* Info.plist */,
				DBA256E21F42D4190064F115 /* GoogleService-Info.plist */,
			);
			path = RealtimeChatApp;
			sourceTree = "<group>";
		};
		FA257EAE1F420FC0002B7DB2 /* Controller */ = {
			isa = PBXGroup;
			children = (
				FA257EAF1F420FEE002B7DB2 /* LoginController.swift */,
				FA257E9E1F420E17002B7DB2 /* MessagesController.swift */,
				DB9017B71F43D97A00F14A49 /* NewMessagesController.swift */,
				DB9017BC1F43E9BB00F14A49 /* LoginController+handlers.swift */,
				FA31D4441F44A241008542E4 /* ChatLogController.swift */,
			);
			name = Controller;
			sourceTree = "<group>";
		};
		FA31D4411F448B31008542E4 /* Helpers */ = {
			isa = PBXGroup;
			children = (
				FA31D4421F448B3C008542E4 /* Extensions.swift */,
			);
			name = Helpers;
			sourceTree = "<group>";
		};
/* End PBXGroup section */

/* Begin PBXNativeTarget section */
		FA257E981F420E17002B7DB2 /* RealtimeChatApp */ = {
			isa = PBXNativeTarget;
			buildConfigurationList = FA257EAB1F420E17002B7DB2 /* Build configuration list for PBXNativeTarget "RealtimeChatApp" */;
			buildPhases = (
				4420EC6994B78CA496802208 /* [CP] Check Pods Manifest.lock */,
				FA257E951F420E17002B7DB2 /* Sources */,
				FA257E961F420E17002B7DB2 /* Frameworks */,
				FA257E971F420E17002B7DB2 /* Resources */,
				258666C0AE51B83A41F11A9F /* [CP] Embed Pods Frameworks */,
				13E5347141BABD1B4E36732D /* [CP] Copy Pods Resources */,
			);
			buildRules = (
			);
			dependencies = (
			);
			name = RealtimeChatApp;
			productName = RealtimeChatApp;
			productReference = FA257E991F420E17002B7DB2 /* RealtimeChatApp.app */;
			productType = "com.apple.product-type.application";
		};
/* End PBXNativeTarget section */

/* Begin PBXProject section */
		FA257E911F420E17002B7DB2 /* Project object */ = {
			isa = PBXProject;
			attributes = {
				LastSwiftUpdateCheck = 0830;
				LastUpgradeCheck = 0830;
				ORGANIZATIONNAME = "Ha Nguyen";
				TargetAttributes = {
					FA257E981F420E17002B7DB2 = {
						CreatedOnToolsVersion = 8.3.3;
						DevelopmentTeam = A4B27XWSTD;
						ProvisioningStyle = Automatic;
					};
				};
			};
			buildConfigurationList = FA257E941F420E17002B7DB2 /* Build configuration list for PBXProject "RealtimeChatApp" */;
			compatibilityVersion = "Xcode 3.2";
			developmentRegion = English;
			hasScannedForEncodings = 0;
			knownRegions = (
				en,
				Base,
			);
			mainGroup = FA257E901F420E17002B7DB2;
			productRefGroup = FA257E9A1F420E17002B7DB2 /* Products */;
			projectDirPath = "";
			projectRoot = "";
			targets = (
				FA257E981F420E17002B7DB2 /* RealtimeChatApp */,
			);
		};
/* End PBXProject section */

/* Begin PBXResourcesBuildPhase section */
		FA257E971F420E17002B7DB2 /* Resources */ = {
			isa = PBXResourcesBuildPhase;
			buildActionMask = 2147483647;
			files = (
				FA257EA71F420E17002B7DB2 /* LaunchScreen.storyboard in Resources */,
				DBA256E31F42D4190064F115 /* GoogleService-Info.plist in Resources */,
				FA257EA41F420E17002B7DB2 /* Assets.xcassets in Resources */,
				FA257EA21F420E17002B7DB2 /* Main.storyboard in Resources */,
			);
			runOnlyForDeploymentPostprocessing = 0;
		};
/* End PBXResourcesBuildPhase section */

/* Begin PBXShellScriptBuildPhase section */
		13E5347141BABD1B4E36732D /* [CP] Copy Pods Resources */ = {
			isa = PBXShellScriptBuildPhase;
			buildActionMask = 2147483647;
			files = (
			);
			inputPaths = (
			);
			name = "[CP] Copy Pods Resources";
			outputPaths = (
			);
			runOnlyForDeploymentPostprocessing = 0;
			shellPath = /bin/sh;
			shellScript = "\"${SRCROOT}/Pods/Target Support Files/Pods-RealtimeChatApp/Pods-RealtimeChatApp-resources.sh\"\n";
			showEnvVarsInLog = 0;
		};
		258666C0AE51B83A41F11A9F /* [CP] Embed Pods Frameworks */ = {
			isa = PBXShellScriptBuildPhase;
			buildActionMask = 2147483647;
			files = (
			);
			inputPaths = (
			);
			name = "[CP] Embed Pods Frameworks";
			outputPaths = (
			);
			runOnlyForDeploymentPostprocessing = 0;
			shellPath = /bin/sh;
			shellScript = "\"${SRCROOT}/Pods/Target Support Files/Pods-RealtimeChatApp/Pods-RealtimeChatApp-frameworks.sh\"\n";
			showEnvVarsInLog = 0;
		};
		4420EC6994B78CA496802208 /* [CP] Check Pods Manifest.lock */ = {
			isa = PBXShellScriptBuildPhase;
			buildActionMask = 2147483647;
			files = (
			);
			inputPaths = (
			);
			name = "[CP] Check Pods Manifest.lock";
			outputPaths = (
			);
			runOnlyForDeploymentPostprocessing = 0;
			shellPath = /bin/sh;
			shellScript = "diff \"${PODS_PODFILE_DIR_PATH}/Podfile.lock\" \"${PODS_ROOT}/Manifest.lock\" > /dev/null\nif [ $? != 0 ] ; then\n    # print error to STDERR\n    echo \"error: The sandbox is not in sync with the Podfile.lock. Run 'pod install' or update your CocoaPods installation.\" >&2\n    exit 1\nfi\n";
			showEnvVarsInLog = 0;
		};
/* End PBXShellScriptBuildPhase section */

/* Begin PBXSourcesBuildPhase section */
		FA257E951F420E17002B7DB2 /* Sources */ = {
			isa = PBXSourcesBuildPhase;
			buildActionMask = 2147483647;
			files = (
				FA31D4451F44A241008542E4 /* ChatLogController.swift in Sources */,
				DB9017B81F43D97A00F14A49 /* NewMessagesController.swift in Sources */,
				FA257E9F1F420E17002B7DB2 /* MessagesController.swift in Sources */,
				DB9017BD1F43E9BB00F14A49 /* LoginController+handlers.swift in Sources */,
				FA257EB01F420FEE002B7DB2 /* LoginController.swift in Sources */,
				DB9017BB1F43DD1300F14A49 /* User.swift in Sources */,
				FA257E9D1F420E17002B7DB2 /* AppDelegate.swift in Sources */,
				FA31D4431F448B3C008542E4 /* Extensions.swift in Sources */,
			);
			runOnlyForDeploymentPostprocessing = 0;
		};
/* End PBXSourcesBuildPhase section */

/* Begin PBXVariantGroup section */
		FA257EA01F420E17002B7DB2 /* Main.storyboard */ = {
			isa = PBXVariantGroup;
			children = (
				FA257EA11F420E17002B7DB2 /* Base */,
			);
			name = Main.storyboard;
			sourceTree = "<group>";
		};
		FA257EA51F420E17002B7DB2 /* LaunchScreen.storyboard */ = {
			isa = PBXVariantGroup;
			children = (
				FA257EA61F420E17002B7DB2 /* Base */,
			);
			name = LaunchScreen.storyboard;
			sourceTree = "<group>";
		};
/* End PBXVariantGroup section */

/* Begin XCBuildConfiguration section */
		FA257EA91F420E17002B7DB2 /* Debug */ = {
			isa = XCBuildConfiguration;
			buildSettings = {
				ALWAYS_SEARCH_USER_PATHS = NO;
				CLANG_ANALYZER_NONNULL = YES;
				CLANG_ANALYZER_NUMBER_OBJECT_CONVERSION = YES_AGGRESSIVE;
				CLANG_CXX_LANGUAGE_STANDARD = "gnu++0x";
				CLANG_CXX_LIBRARY = "libc++";
				CLANG_ENABLE_MODULES = YES;
				CLANG_ENABLE_OBJC_ARC = YES;
				CLANG_WARN_BOOL_CONVERSION = YES;
				CLANG_WARN_CONSTANT_CONVERSION = YES;
				CLANG_WARN_DIRECT_OBJC_ISA_USAGE = YES_ERROR;
				CLANG_WARN_DOCUMENTATION_COMMENTS = YES;
				CLANG_WARN_EMPTY_BODY = YES;
				CLANG_WARN_ENUM_CONVERSION = YES;
				CLANG_WARN_INFINITE_RECURSION = YES;
				CLANG_WARN_INT_CONVERSION = YES;
				CLANG_WARN_OBJC_ROOT_CLASS = YES_ERROR;
				CLANG_WARN_SUSPICIOUS_MOVE = YES;
				CLANG_WARN_UNREACHABLE_CODE = YES;
				CLANG_WARN__DUPLICATE_METHOD_MATCH = YES;
				"CODE_SIGN_IDENTITY[sdk=iphoneos*]" = "iPhone Developer";
				COPY_PHASE_STRIP = NO;
				DEBUG_INFORMATION_FORMAT = dwarf;
				ENABLE_STRICT_OBJC_MSGSEND = YES;
				ENABLE_TESTABILITY = YES;
				GCC_C_LANGUAGE_STANDARD = gnu99;
				GCC_DYNAMIC_NO_PIC = NO;
				GCC_NO_COMMON_BLOCKS = YES;
				GCC_OPTIMIZATION_LEVEL = 0;
				GCC_PREPROCESSOR_DEFINITIONS = (
					"DEBUG=1",
					"$(inherited)",
				);
				GCC_WARN_64_TO_32_BIT_CONVERSION = YES;
				GCC_WARN_ABOUT_RETURN_TYPE = YES_ERROR;
				GCC_WARN_UNDECLARED_SELECTOR = YES;
				GCC_WARN_UNINITIALIZED_AUTOS = YES_AGGRESSIVE;
				GCC_WARN_UNUSED_FUNCTION = YES;
				GCC_WARN_UNUSED_VARIABLE = YES;
				IPHONEOS_DEPLOYMENT_TARGET = 10.3;
				MTL_ENABLE_DEBUG_INFO = YES;
				ONLY_ACTIVE_ARCH = YES;
				SDKROOT = iphoneos;
				SWIFT_ACTIVE_COMPILATION_CONDITIONS = DEBUG;
				SWIFT_OPTIMIZATION_LEVEL = "-Onone";
				TARGETED_DEVICE_FAMILY = "1,2";
			};
			name = Debug;
		};
		FA257EAA1F420E17002B7DB2 /* Release */ = {
			isa = XCBuildConfiguration;
			buildSettings = {
				ALWAYS_SEARCH_USER_PATHS = NO;
				CLANG_ANALYZER_NONNULL = YES;
				CLANG_ANALYZER_NUMBER_OBJECT_CONVERSION = YES_AGGRESSIVE;
				CLANG_CXX_LANGUAGE_STANDARD = "gnu++0x";
				CLANG_CXX_LIBRARY = "libc++";
				CLANG_ENABLE_MODULES = YES;
				CLANG_ENABLE_OBJC_ARC = YES;
				CLANG_WARN_BOOL_CONVERSION = YES;
				CLANG_WARN_CONSTANT_CONVERSION = YES;
				CLANG_WARN_DIRECT_OBJC_ISA_USAGE = YES_ERROR;
				CLANG_WARN_DOCUMENTATION_COMMENTS = YES;
				CLANG_WARN_EMPTY_BODY = YES;
				CLANG_WARN_ENUM_CONVERSION = YES;
				CLANG_WARN_INFINITE_RECURSION = YES;
				CLANG_WARN_INT_CONVERSION = YES;
				CLANG_WARN_OBJC_ROOT_CLASS = YES_ERROR;
				CLANG_WARN_SUSPICIOUS_MOVE = YES;
				CLANG_WARN_UNREACHABLE_CODE = YES;
				CLANG_WARN__DUPLICATE_METHOD_MATCH = YES;
				"CODE_SIGN_IDENTITY[sdk=iphoneos*]" = "iPhone Developer";
				COPY_PHASE_STRIP = NO;
				DEBUG_INFORMATION_FORMAT = "dwarf-with-dsym";
				ENABLE_NS_ASSERTIONS = NO;
				ENABLE_STRICT_OBJC_MSGSEND = YES;
				GCC_C_LANGUAGE_STANDARD = gnu99;
				GCC_NO_COMMON_BLOCKS = YES;
				GCC_WARN_64_TO_32_BIT_CONVERSION = YES;
				GCC_WARN_ABOUT_RETURN_TYPE = YES_ERROR;
				GCC_WARN_UNDECLARED_SELECTOR = YES;
				GCC_WARN_UNINITIALIZED_AUTOS = YES_AGGRESSIVE;
				GCC_WARN_UNUSED_FUNCTION = YES;
				GCC_WARN_UNUSED_VARIABLE = YES;
				IPHONEOS_DEPLOYMENT_TARGET = 10.3;
				MTL_ENABLE_DEBUG_INFO = NO;
				SDKROOT = iphoneos;
				SWIFT_OPTIMIZATION_LEVEL = "-Owholemodule";
				TARGETED_DEVICE_FAMILY = "1,2";
				VALIDATE_PRODUCT = YES;
			};
			name = Release;
		};
		FA257EAC1F420E17002B7DB2 /* Debug */ = {
			isa = XCBuildConfiguration;
			baseConfigurationReference = B331600D87C42C1296CC990B /* Pods-RealtimeChatApp.debug.xcconfig */;
			buildSettings = {
				ASSETCATALOG_COMPILER_APPICON_NAME = AppIcon;
				DEVELOPMENT_TEAM = A4B27XWSTD;
				INFOPLIST_FILE = RealtimeChatApp/Info.plist;
				LD_RUNPATH_SEARCH_PATHS = "$(inherited) @executable_path/Frameworks";
				PRODUCT_BUNDLE_IDENTIFIER = "Ha-Nguyen.RealtimeChatApp";
				PRODUCT_NAME = "$(TARGET_NAME)";
				SWIFT_VERSION = 3.0;
			};
			name = Debug;
		};
		FA257EAD1F420E17002B7DB2 /* Release */ = {
			isa = XCBuildConfiguration;
			baseConfigurationReference = 5471B231FDD16B9F12B29AC8 /* Pods-RealtimeChatApp.release.xcconfig */;
			buildSettings = {
				ASSETCATALOG_COMPILER_APPICON_NAME = AppIcon;
				DEVELOPMENT_TEAM = A4B27XWSTD;
				INFOPLIST_FILE = RealtimeChatApp/Info.plist;
				LD_RUNPATH_SEARCH_PATHS = "$(inherited) @executable_path/Frameworks";
				PRODUCT_BUNDLE_IDENTIFIER = "Ha-Nguyen.RealtimeChatApp";
				PRODUCT_NAME = "$(TARGET_NAME)";
				SWIFT_VERSION = 3.0;
			};
			name = Release;
		};
/* End XCBuildConfiguration section */

/* Begin XCConfigurationList section */
		FA257E941F420E17002B7DB2 /* Build configuration list for PBXProject "RealtimeChatApp" */ = {
			isa = XCConfigurationList;
			buildConfigurations = (
				FA257EA91F420E17002B7DB2 /* Debug */,
				FA257EAA1F420E17002B7DB2 /* Release */,
			);
			defaultConfigurationIsVisible = 0;
			defaultConfigurationName = Release;
		};
		FA257EAB1F420E17002B7DB2 /* Build configuration list for PBXNativeTarget "RealtimeChatApp" */ = {
			isa = XCConfigurationList;
			buildConfigurations = (
				FA257EAC1F420E17002B7DB2 /* Debug */,
				FA257EAD1F420E17002B7DB2 /* Release */,
			);
			defaultConfigurationIsVisible = 0;
			defaultConfigurationName = Release;
		};
/* End XCConfigurationList section */
	};
	rootObject = FA257E911F420E17002B7DB2 /* Project object */;
}
